
Microsoft Visual Studio Solution File, Format Version 12.00
# Visual Studio Version 17
VisualStudioVersion = 17.11.35327.3
MinimumVisualStudioVersion = 10.0.40219.1
Project("{FAE04EC0-301F-11D3-BF4B-00C04F79EFBC}") = "AppServiceConfiguration", "AppServiceConfiguration.csproj", "{612CF596-C1A9-4528-8FA9-20BCB9C72C2A}"
EndProject
Global
	GlobalSection(SolutionConfigurationPlatforms) = preSolution
		Debug|Any CPU = Debug|Any CPU
		Release|Any CPU = Release|Any CPU
	EndGlobalSection
	GlobalSection(ProjectConfigurationPlatforms) = postSolution
		{612CF596-C1A9-4528-8FA9-20BCB9C72C2A}.Debug|Any CPU.ActiveCfg = Debug|Any CPU
		{612CF596-C1A9-4528-8FA9-20BCB9C72C2A}.Debug|Any CPU.Build.0 = Debug|Any CPU
		{612CF596-C1A9-4528-8FA9-20BCB9C72C2A}.Release|Any CPU.ActiveCfg = Release|Any CPU
		{612CF596-C1A9-4528-8FA9-20BCB9C72C2A}.Release|Any CPU.Build.0 = Release|Any CPU
	EndGlobalSection
	GlobalSection(SolutionProperties) = preSolution
		HideSolutionNode = FALSE
	EndGlobalSection
	GlobalSection(ExtensibilityGlobals) = postSolution
		SolutionGuid = {DB8000A5-586A-41BC-BED6-AC40022BE2E9}
	EndGlobalSection
EndGlobal
